
Microsoft Visual Studio Solution File, Format Version 12.00
# Visual Studio Version 17
VisualStudioVersion = 17.12.35527.113 d17.12
MinimumVisualStudioVersion = 10.0.40219.1
Project("{FAE04EC0-301F-11D3-BF4B-00C04F79EFBC}") = "FolderFit", "FolderFit.csproj", "{0E91EBA6-FCFD-46FF-B8F5-A0C4D649AEDF}"
EndProject
Global
	GlobalSection(SolutionConfigurationPlatforms) = preSolution
		Debug|Any CPU = Debug|Any CPU
		Release|Any CPU = Release|Any CPU
	EndGlobalSection
	GlobalSection(ProjectConfigurationPlatforms) = postSolution
		{0E91EBA6-FCFD-46FF-B8F5-A0C4D649AEDF}.Debug|Any CPU.ActiveCfg = Debug|Any CPU
		{0E91EBA6-FCFD-46FF-B8F5-A0C4D649AEDF}.Debug|Any CPU.Build.0 = Debug|Any CPU
		{0E91EBA6-FCFD-46FF-B8F5-A0C4D649AEDF}.Release|Any CPU.ActiveCfg = Release|Any CPU
		{0E91EBA6-FCFD-46FF-B8F5-A0C4D649AEDF}.Release|Any CPU.Build.0 = Release|Any CPU
	EndGlobalSection
	GlobalSection(SolutionProperties) = preSolution
		HideSolutionNode = FALSE
	EndGlobalSection
EndGlobal
